Microsoft Visual Studio Solution File, Format Version 11.00
# Visual Studio 2008

Project("{691CCEE2-B72F-0C2B-7372-D78E6CC4C42A}") = "LubJam2017", "Assembly-CSharp.csproj", "{508968AF-4A7E-2491-BC3A-E9F1CABC26FD}"
EndProject
Global
	GlobalSection(SolutionConfigurationPlatforms) = preSolution
		Debug|Any CPU = Debug|Any CPU
		Release|Any CPU = Release|Any CPU
	EndGlobalSection
	GlobalSection(ProjectConfigurationPlatforms) = postSolution
		{508968AF-4A7E-2491-BC3A-E9F1CABC26FD}.Debug|Any CPU.ActiveCfg = Debug|Any CPU
		{508968AF-4A7E-2491-BC3A-E9F1CABC26FD}.Debug|Any CPU.Build.0 = Debug|Any CPU
		{508968AF-4A7E-2491-BC3A-E9F1CABC26FD}.Release|Any CPU.ActiveCfg = Release|Any CPU
		{508968AF-4A7E-2491-BC3A-E9F1CABC26FD}.Release|Any CPU.Build.0 = Release|Any CPU
	EndGlobalSection
	GlobalSection(SolutionProperties) = preSolution
		HideSolutionNode = FALSE
	EndGlobalSection
	GlobalSection(MonoDevelopProperties) = preSolution
		StartupItem = Assembly-CSharp.csproj
	EndGlobalSection
EndGlobal
